{
  "name": "segment",
  "version": "1.0.0",
  "lockfileVersion": 3,
  "requires": true,
  "packages": {
    "": {
      "name": "segment",
      "version": "1.0.0",
      "license": "ISC",
      "dependencies": {
        "anypalette": "^0.6.0",
        "ase-utils": "^0.1.1",
        "color-convert": "^2.0.1",
        "color-name-list": "^10.14.0",
        "nearest-color": "^0.4.4",
        "rgb-cmyk": "^1.0.0"
      }
    },
    "node_modules/anypalette": {
      "version": "0.6.0",
      "resolved": "https://registry.npmjs.org/anypalette/-/anypalette-0.6.0.tgz",
      "integrity": "sha512-JBM48IhAuuauHuFSfoVPWYIt385D2JK6sEAZ2/ZUwQErwD3V0wNu5TVMi66hl8ONpudR8xV9iMWv5j4OXmVA+w=="
    },
    "node_modules/ase-utils": {
      "version": "0.1.1",
      "resolved": "https://registry.npmjs.org/ase-utils/-/ase-utils-0.1.1.tgz",
      "integrity": "sha512-t98UlCUJul/QWq8DuhtPvf8DVwIEHHHGCcHX2OKhc/Sbh7t4NYWI5g+5s9qF5GJRTF9Bf70crIORDM4/aQcbPw==",
      "dependencies": {
        "bytebuffer": "3.5.4"
      }
    },
    "node_modules/bufferview": {
      "version": "1.0.1",
      "resolved": "https://registry.npmjs.org/bufferview/-/bufferview-1.0.1.tgz",
      "integrity": "sha512-q87jdvsZ/sEngmDUvPT/PJsBGCi998c3B1U/6IN1uGg+R2HrTFJUDccXZEx6OxpuLySyBDGXc7vkSt4BXTyKxA==",
      "engines": {
        "node": ">=0.8"
      }
    },
    "node_modules/bytebuffer": {
      "version": "3.5.4",
      "resolved": "https://registry.npmjs.org/bytebuffer/-/bytebuffer-3.5.4.tgz",
      "integrity": "sha512-3R+NTTXENJjrqe0yRqNIE10FuWXbAAGnpJaNB778GDF1if2iCbaB74O2hWN2TB/YbU3Yd9C4b9WtZTvLHJfX0Q==",
      "dependencies": {
        "bufferview": "~1",
        "long": "~2 >=2.2.3"
      },
      "engines": {
        "node": ">=0.8"
      }
    },
    "node_modules/color-convert": {
      "version": "2.0.1",
      "resolved": "https://registry.npmjs.org/color-convert/-/color-convert-2.0.1.tgz",
      "integrity": "sha512-RRECPsj7iu/xb5oKYcsFHSppFNnsj/52OVTRKb4zP5onXwVF3zVmmToNcOfGC+CRDpfK/U584fMg38ZHCaElKQ==",
      "dependencies": {
        "color-name": "~1.1.4"
      },
      "engines": {
        "node": ">=7.0.0"
      }
    },
    "node_modules/color-name": {
      "version": "1.1.4",
      "resolved": "https://registry.npmjs.org/color-name/-/color-name-1.1.4.tgz",
      "integrity": "sha512-dOy+3AuW3a2wNbZHIuMZpTcgjGuLU/uBL/ubcZF9OXbDo8ff4O8yVp5Bf0efS8uEoYo5q4Fx7dY9OgQGXgAsQA=="
    },
    "node_modules/color-name-list": {
      "version": "10.14.0",
      "resolved": "https://registry.npmjs.org/color-name-list/-/color-name-list-10.14.0.tgz",
      "integrity": "sha512-JSA8tgwxP8lhrQI2Ww5GaxFP+CopoT4y3qoEPD/9fSX+SWpokz7AxwHTxIaJXFvDfQRvSdEWBZz33Lpefkvgeg==",
      "engines": {
        "node": ">=16",
        "npm": ">=8.11.0"
      }
    },
    "node_modules/long": {
      "version": "2.4.0",
      "resolved": "https://registry.npmjs.org/long/-/long-2.4.0.tgz",
      "integrity": "sha512-ijUtjmO/n2A5PaosNG9ZGDsQ3vxJg7ZW8vsY8Kp0f2yIZWhSJvjmegV7t+9RPQKxKrvj8yKGehhS+po14hPLGQ==",
      "engines": {
        "node": ">=0.6"
      }
    },
    "node_modules/nearest-color": {
      "version": "0.4.4",
      "resolved": "https://registry.npmjs.org/nearest-color/-/nearest-color-0.4.4.tgz",
      "integrity": "sha512-orhcaIORC10tf41Ld2wwlcC+FaAavHG87JHWB3eHH5p7v2k9Tzym2XNEZzLAm5YJwGv6Q38WWc7SOb+Qfu/4NQ=="
    },
    "node_modules/node-ratify": {
      "version": "1.0.5",
      "resolved": "https://registry.npmjs.org/node-ratify/-/node-ratify-1.0.5.tgz",
      "integrity": "sha512-hAVxRGU2UUUxi8Dj8aesV0ZFYObldDwKSBl88D1rsLNuTmpe9kDR8SK71VvdV7M23WYtu/chY8Rb8R421t0zQw=="
    },
    "node_modules/rgb-cmyk": {
      "version": "1.0.0",
      "resolved": "https://registry.npmjs.org/rgb-cmyk/-/rgb-cmyk-1.0.0.tgz",
      "integrity": "sha512-b6K/eYU6m0nJgYSSAsW+pDHKLxyzzYQuWKYzzgf6pKzcLVf1z1s26usMISd9qnT3aWCY/NrSXdKBcZGMMNHLFA==",
      "dependencies": {
        "node-ratify": "1.0.5"
      },
      "engines": {
        "node": ">=0.10.0"
      }
    }
  }
}
